
Microsoft Visual Studio Solution File, Format Version 12.00
# Visual Studio Version 17
VisualStudioVersion = 17.7.34031.279
MinimumVisualStudioVersion = 10.0.40219.1
Project("{F184B08F-C81C-45F6-A57F-5ABD9991F28F}") = "11.1 Examination Grade", "11.1 Examination Grade\11.1 Examination Grade.vbproj", "{76DA1765-5F93-4B01-AA71-A1955B7F0FED}"
EndProject
Global
	GlobalSection(SolutionConfigurationPlatforms) = preSolution
		Debug|Any CPU = Debug|Any CPU
		Release|Any CPU = Release|Any CPU
	EndGlobalSection
	GlobalSection(ProjectConfigurationPlatforms) = postSolution
		{76DA1765-5F93-4B01-AA71-A1955B7F0FED}.Debug|Any CPU.ActiveCfg = Debug|Any CPU
		{76DA1765-5F93-4B01-AA71-A1955B7F0FED}.Debug|Any CPU.Build.0 = Debug|Any CPU
		{76DA1765-5F93-4B01-AA71-A1955B7F0FED}.Release|Any CPU.ActiveCfg = Release|Any CPU
		{76DA1765-5F93-4B01-AA71-A1955B7F0FED}.Release|Any CPU.Build.0 = Release|Any CPU
	EndGlobalSection
	GlobalSection(SolutionProperties) = preSolution
		HideSolutionNode = FALSE
	EndGlobalSection
	GlobalSection(ExtensibilityGlobals) = postSolution
		SolutionGuid = {0C978133-9531-4B84-B13D-05D9A39F10EF}
	EndGlobalSection
EndGlobal
